// !$*UTF8*$!
{
	archiveVersion = 1;
	classes = {
	};
	objectVersion = 46;
	objects = {

/* Begin PBXBuildFile section */
		199A9D561D79984400C11E8A /* main.m in Sources */ = {isa = PBXBuildFile; fileRef = 199A9D551D79984400C11E8A /* main.m */; };
		199A9D591D79984400C11E8A /* AppDelegate.m in Sources */ = {isa = PBXBuildFile; fileRef = 199A9D581D79984400C11E8A /* AppDelegate.m */; };
		199A9D5C1D79984400C11E8A /* ViewController.m in Sources */ = {isa = PBXBuildFile; fileRef = 199A9D5B1D79984400C11E8A /* ViewController.m */; };
		199A9D5F1D79984400C11E8A /* Main.storyboard in Resources */ = {isa = PBXBuildFile; fileRef = 199A9D5D1D79984400C11E8A /* Main.storyboard */; };
		199A9D611D79984400C11E8A /* Assets.xcassets in Resources */ = {isa = PBXBuildFile; fileRef = 199A9D601D79984400C11E8A /* Assets.xcassets */; };
		199A9D641D79984400C11E8A /* LaunchScreen.storyboard in Resources */ = {isa = PBXBuildFile; fileRef = 199A9D621D79984400C11E8A /* LaunchScreen.storyboard */; };
		199A9D6F1D79984400C11E8A /* IncheckTests.m in Sources */ = {isa = PBXBuildFile; fileRef = 199A9D6E1D79984400C11E8A /* IncheckTests.m */; };
		199A9D7A1D79984400C11E8A /* IncheckUITests.m in Sources */ = {isa = PBXBuildFile; fileRef = 199A9D791D79984400C11E8A /* IncheckUITests.m */; };
		880B0C83B11F4C2FE81B4040 /* libPods-Incheck.a in Frameworks */ = {isa = PBXBuildFile; fileRef = A6F04F50A243D8606AD77DBE /* libPods-Incheck.a */; };
/* End PBXBuildFile section */

/* Begin PBXContainerItemProxy section */
		199A9D6B1D79984400C11E8A /* PBXContainerItemProxy */ = {
			isa = PBXContainerItemProxy;
			containerPortal = 199A9D491D79984400C11E8A /* Project object */;
			proxyType = 1;
			remoteGlobalIDString = 199A9D501D79984400C11E8A;
			remoteInfo = Incheck;
		};
		199A9D761D79984400C11E8A /* PBXContainerItemProxy */ = {
			isa = PBXContainerItemProxy;
			containerPortal = 199A9D491D79984400C11E8A /* Project object */;
			proxyType = 1;
			remoteGlobalIDString = 199A9D501D79984400C11E8A;
			remoteInfo = Incheck;
		};
/* End PBXContainerItemProxy section */

/* Begin PBXFileReference section */
		199A9D511D79984400C11E8A /* Incheck.app */ = {isa = PBXFileReference; explicitFileType = wrapper.application; includeInIndex = 0; path = Incheck.app; sourceTree = BUILT_PRODUCTS_DIR; };
		199A9D551D79984400C11E8A /* main.m */ = {isa = PBXFileReference; lastKnownFileType = sourcecode.c.objc; path = main.m; sourceTree = "<group>"; };
		199A9D571D79984400C11E8A /* AppDelegate.h */ = {isa = PBXFileReference; lastKnownFileType = sourcecode.c.h; path = AppDelegate.h; sourceTree = "<group>"; };
		199A9D581D79984400C11E8A /* AppDelegate.m */ = {isa = PBXFileReference; lastKnownFileType = sourcecode.c.objc; path = AppDelegate.m; sourceTree = "<group>"; };
		199A9D5A1D79984400C11E8A /* ViewController.h */ = {isa = PBXFileReference; lastKnownFileType = sourcecode.c.h; path = ViewController.h; sourceTree = "<group>"; };
		199A9D5B1D79984400C11E8A /* ViewController.m */ = {isa = PBXFileReference; lastKnownFileType = sourcecode.c.objc; path = ViewController.m; sourceTree = "<group>"; };
		199A9D5E1D79984400C11E8A /* Base */ = {isa = PBXFileReference; lastKnownFileType = file.storyboard; name = Base; path = Base.lproj/Main.storyboard; sourceTree = "<group>"; };
		199A9D601D79984400C11E8A /* Assets.xcassets */ = {isa = PBXFileReference; lastKnownFileType = folder.assetcatalog; path = Assets.xcassets; sourceTree = "<group>"; };
		199A9D631D79984400C11E8A /* Base */ = {isa = PBXFileReference; lastKnownFileType = file.storyboard; name = Base; path = Base.lproj/LaunchScreen.storyboard; sourceTree = "<group>"; };
		199A9D651D79984400C11E8A /* Info.plist */ = {isa = PBXFileReference; lastKnownFileType = text.plist.xml; path = Info.plist; sourceTree = "<group>"; };
		199A9D6A1D79984400C11E8A /* IncheckTests.xctest */ = {isa = PBXFileReference; explicitFileType = wrapper.cfbundle; includeInIndex = 0; path = IncheckTests.xctest; sourceTree = BUILT_PRODUCTS_DIR; };
		199A9D6E1D79984400C11E8A /* IncheckTests.m */ = {isa = PBXFileReference; lastKnownFileType = sourcecode.c.objc; path = IncheckTests.m; sourceTree = "<group>"; };
		199A9D701D79984400C11E8A /* Info.plist */ = {isa = PBXFileReference; lastKnownFileType = text.plist.xml; path = Info.plist; sourceTree = "<group>"; };
		199A9D751D79984400C11E8A /* IncheckUITests.xctest */ = {isa = PBXFileReference; explicitFileType = wrapper.cfbundle; includeInIndex = 0; path = IncheckUITests.xctest; sourceTree = BUILT_PRODUCTS_DIR; };
		199A9D791D79984400C11E8A /* IncheckUITests.m */ = {isa = PBXFileReference; lastKnownFileType = sourcecode.c.objc; path = IncheckUITests.m; sourceTree = "<group>"; };
		199A9D7B1D79984400C11E8A /* Info.plist */ = {isa = PBXFileReference; lastKnownFileType = text.plist.xml; path = Info.plist; sourceTree = "<group>"; };
		2124F86C67E04DA2AF2A87A6 /* Pods-Incheck.release.xcconfig */ = {isa = PBXFileReference; includeInIndex = 1; lastKnownFileType = text.xcconfig; name = "Pods-Incheck.release.xcconfig"; path = "Pods/Target Support Files/Pods-Incheck/Pods-Incheck.release.xcconfig"; sourceTree = "<group>"; };
		A6F04F50A243D8606AD77DBE /* libPods-Incheck.a */ = {isa = PBXFileReference; explicitFileType = archive.ar; includeInIndex = 0; path = "libPods-Incheck.a"; sourceTree = BUILT_PRODUCTS_DIR; };
		BA66828C94CAD2C8907A5966 /* Pods-Incheck.debug.xcconfig */ = {isa = PBXFileReference; includeInIndex = 1; lastKnownFileType = text.xcconfig; name = "Pods-Incheck.debug.xcconfig"; path = "Pods/Target Support Files/Pods-Incheck/Pods-Incheck.debug.xcconfig"; sourceTree = "<group>"; };
/* End PBXFileReference section */

/* Begin PBXFrameworksBuildPhase section */
		199A9D4E1D79984400C11E8A /* Frameworks */ = {
			isa = PBXFrameworksBuildPhase;
			buildActionMask = 2147483647;
			files = (
				880B0C83B11F4C2FE81B4040 /* libPods-Incheck.a in Frameworks */,
			);
			runOnlyForDeploymentPostprocessing = 0;
		};
		199A9D671D79984400C11E8A /* Frameworks */ = {
			isa = PBXFrameworksBuildPhase;
			buildActionMask = 2147483647;
			files = (
			);
			runOnlyForDeploymentPostprocessing = 0;
		};
		199A9D721D79984400C11E8A /* Frameworks */ = {
			isa = PBXFrameworksBuildPhase;
			buildActionMask = 2147483647;
			files = (
			);
			runOnlyForDeploymentPostprocessing = 0;
		};
/* End PBXFrameworksBuildPhase section */

/* Begin PBXGroup section */
		199A9D481D79984400C11E8A = {
			isa = PBXGroup;
			children = (
				199A9D531D79984400C11E8A /* Incheck */,
				199A9D6D1D79984400C11E8A /* IncheckTests */,
				199A9D781D79984400C11E8A /* IncheckUITests */,
				199A9D521D79984400C11E8A /* Products */,
				B7CA5E28EB86CF8F6E91E5FF /* Pods */,
				88E5513850FF01B5910A78A6 /* Frameworks */,
			);
			sourceTree = "<group>";
		};
		199A9D521D79984400C11E8A /* Products */ = {
			isa = PBXGroup;
			children = (
				199A9D511D79984400C11E8A /* Incheck.app */,
				199A9D6A1D79984400C11E8A /* IncheckTests.xctest */,
				199A9D751D79984400C11E8A /* IncheckUITests.xctest */,
			);
			name = Products;
			sourceTree = "<group>";
		};
		199A9D531D79984400C11E8A /* Incheck */ = {
			isa = PBXGroup;
			children = (
				199A9D571D79984400C11E8A /* AppDelegate.h */,
				199A9D581D79984400C11E8A /* AppDelegate.m */,
				199A9D5A1D79984400C11E8A /* ViewController.h */,
				199A9D5B1D79984400C11E8A /* ViewController.m */,
				199A9D5D1D79984400C11E8A /* Main.storyboard */,
				199A9D601D79984400C11E8A /* Assets.xcassets */,
				199A9D621D79984400C11E8A /* LaunchScreen.storyboard */,
				199A9D651D79984400C11E8A /* Info.plist */,
				199A9D541D79984400C11E8A /* Supporting Files */,
			);
			path = Incheck;
			sourceTree = "<group>";
		};
		199A9D541D79984400C11E8A /* Supporting Files */ = {
			isa = PBXGroup;
			children = (
				199A9D551D79984400C11E8A /* main.m */,
			);
			name = "Supporting Files";
			sourceTree = "<group>";
		};
		199A9D6D1D79984400C11E8A /* IncheckTests */ = {
			isa = PBXGroup;
			children = (
				199A9D6E1D79984400C11E8A /* IncheckTests.m */,
				199A9D701D79984400C11E8A /* Info.plist */,
			);
			path = IncheckTests;
			sourceTree = "<group>";
		};
		199A9D781D79984400C11E8A /* IncheckUITests */ = {
			isa = PBXGroup;
			children = (
				199A9D791D79984400C11E8A /* IncheckUITests.m */,
				199A9D7B1D79984400C11E8A /* Info.plist */,
			);
			path = IncheckUITests;
			sourceTree = "<group>";
		};
		88E5513850FF01B5910A78A6 /* Frameworks */ = {
			isa = PBXGroup;
			children = (
				A6F04F50A243D8606AD77DBE /* libPods-Incheck.a */,
			);
			name = Frameworks;
			sourceTree = "<group>";
		};
		B7CA5E28EB86CF8F6E91E5FF /* Pods */ = {
			isa = PBXGroup;
			children = (
				BA66828C94CAD2C8907A5966 /* Pods-Incheck.debug.xcconfig */,
				2124F86C67E04DA2AF2A87A6 /* Pods-Incheck.release.xcconfig */,
			);
			name = Pods;
			sourceTree = "<group>";
		};
/* End PBXGroup section */

/* Begin PBXNativeTarget section */
		199A9D501D79984400C11E8A /* Incheck */ = {
			isa = PBXNativeTarget;
			buildConfigurationList = 199A9D7E1D79984400C11E8A /* Build configuration list for PBXNativeTarget "Incheck" */;
			buildPhases = (
				7B091910F0B3952E02E6037E /* Check Pods Manifest.lock */,
				199A9D4D1D79984400C11E8A /* Sources */,
				199A9D4E1D79984400C11E8A /* Frameworks */,
				199A9D4F1D79984400C11E8A /* Resources */,
				942F0D226C8B17D428AE4347 /* Embed Pods Frameworks */,
				A7714A17AB01812A833066A5 /* Copy Pods Resources */,
			);
			buildRules = (
			);
			dependencies = (
			);
			name = Incheck;
			productName = Incheck;
			productReference = 199A9D511D79984400C11E8A /* Incheck.app */;
			productType = "com.apple.product-type.application";
		};
		199A9D691D79984400C11E8A /* IncheckTests */ = {
			isa = PBXNativeTarget;
			buildConfigurationList = 199A9D811D79984400C11E8A /* Build configuration list for PBXNativeTarget "IncheckTests" */;
			buildPhases = (
				199A9D661D79984400C11E8A /* Sources */,
				199A9D671D79984400C11E8A /* Frameworks */,
				199A9D681D79984400C11E8A /* Resources */,
			);
			buildRules = (
			);
			dependencies = (
				199A9D6C1D79984400C11E8A /* PBXTargetDependency */,
			);
			name = IncheckTests;
			productName = IncheckTests;
			productReference = 199A9D6A1D79984400C11E8A /* IncheckTests.xctest */;
			productType = "com.apple.product-type.bundle.unit-test";
		};
		199A9D741D79984400C11E8A /* IncheckUITests */ = {
			isa = PBXNativeTarget;
			buildConfigurationList = 199A9D841D79984400C11E8A /* Build configuration list for PBXNativeTarget "IncheckUITests" */;
			buildPhases = (
				199A9D711D79984400C11E8A /* Sources */,
				199A9D721D79984400C11E8A /* Frameworks */,
				199A9D731D79984400C11E8A /* Resources */,
			);
			buildRules = (
			);
			dependencies = (
				199A9D771D79984400C11E8A /* PBXTargetDependency */,
			);
			name = IncheckUITests;
			productName = IncheckUITests;
			productReference = 199A9D751D79984400C11E8A /* IncheckUITests.xctest */;
			productType = "com.apple.product-type.bundle.ui-testing";
		};
/* End PBXNativeTarget section */

/* Begin PBXProject section */
		199A9D491D79984400C11E8A /* Project object */ = {
			isa = PBXProject;
			attributes = {
				LastUpgradeCheck = 0730;
				ORGANIZATIONNAME = kkb;
				TargetAttributes = {
					199A9D501D79984400C11E8A = {
						CreatedOnToolsVersion = 7.3.1;
					};
					199A9D691D79984400C11E8A = {
						CreatedOnToolsVersion = 7.3.1;
						TestTargetID = 199A9D501D79984400C11E8A;
					};
					199A9D741D79984400C11E8A = {
						CreatedOnToolsVersion = 7.3.1;
						TestTargetID = 199A9D501D79984400C11E8A;
					};
				};
			};
			buildConfigurationList = 199A9D4C1D79984400C11E8A /* Build configuration list for PBXProject "Incheck" */;
			compatibilityVersion = "Xcode 3.2";
			developmentRegion = English;
			hasScannedForEncodings = 0;
			knownRegions = (
				en,
				Base,
			);
			mainGroup = 199A9D481D79984400C11E8A;
			productRefGroup = 199A9D521D79984400C11E8A /* Products */;
			projectDirPath = "";
			projectRoot = "";
			targets = (
				199A9D501D79984400C11E8A /* Incheck */,
				199A9D691D79984400C11E8A /* IncheckTests */,
				199A9D741D79984400C11E8A /* IncheckUITests */,
			);
		};
/* End PBXProject section */

/* Begin PBXResourcesBuildPhase section */
		199A9D4F1D79984400C11E8A /* Resources */ = {
			isa = PBXResourcesBuildPhase;
			buildActionMask = 2147483647;
			files = (
				199A9D641D79984400C11E8A /* LaunchScreen.storyboard in Resources */,
				199A9D611D79984400C11E8A /* Assets.xcassets in Resources */,
				199A9D5F1D79984400C11E8A /* Main.storyboard in Resources */,
			);
			runOnlyForDeploymentPostprocessing = 0;
		};
		199A9D681D79984400C11E8A /* Resources */ = {
			isa = PBXResourcesBuildPhase;
			buildActionMask = 2147483647;
			files = (
			);
			runOnlyForDeploymentPostprocessing = 0;
		};
		199A9D731D79984400C11E8A /* Resources */ = {
			isa = PBXResourcesBuildPhase;
			buildActionMask = 2147483647;
			files = (
			);
			runOnlyForDeploymentPostprocessing = 0;
		};
/* End PBXResourcesBuildPhase section */

/* Begin PBXShellScriptBuildPhase section */
		7B091910F0B3952E02E6037E /* Check Pods Manifest.lock */ = {
			isa = PBXShellScriptBuildPhase;
			buildActionMask = 2147483647;
			files = (
			);
			inputPaths = (
			);
			name = "Check Pods Manifest.lock";
			outputPaths = (
			);
			runOnlyForDeploymentPostprocessing = 0;
			shellPath = /bin/sh;
			shellScript = "diff \"${PODS_ROOT}/../Podfile.lock\" \"${PODS_ROOT}/Manifest.lock\" > /dev/null\nif [[ $? != 0 ]] ; then\n    cat << EOM\nerror: The sandbox is not in sync with the Podfile.lock. Run 'pod install' or update your CocoaPods installation.\nEOM\n    exit 1\nfi\n";
			showEnvVarsInLog = 0;
		};
		942F0D226C8B17D428AE4347 /* Embed Pods Frameworks */ = {
			isa = PBXShellScriptBuildPhase;
			buildActionMask = 2147483647;
			files = (
			);
			inputPaths = (
			);
			name = "Embed Pods Frameworks";
			outputPaths = (
			);
			runOnlyForDeploymentPostprocessing = 0;
			shellPath = /bin/sh;
			shellScript = "\"${SRCROOT}/Pods/Target Support Files/Pods-Incheck/Pods-Incheck-frameworks.sh\"\n";
			showEnvVarsInLog = 0;
		};
		A7714A17AB01812A833066A5 /* Copy Pods Resources */ = {
			isa = PBXShellScriptBuildPhase;
			buildActionMask = 2147483647;
			files = (
			);
			inputPaths = (
			);
			name = "Copy Pods Resources";
			outputPaths = (
			);
			runOnlyForDeploymentPostprocessing = 0;
			shellPath = /bin/sh;
			shellScript = "\"${SRCROOT}/Pods/Target Support Files/Pods-Incheck/Pods-Incheck-resources.sh\"\n";
			showEnvVarsInLog = 0;
		};
/* End PBXShellScriptBuildPhase section */

/* Begin PBXSourcesBuildPhase section */
		199A9D4D1D79984400C11E8A /* Sources */ = {
			isa = PBXSourcesBuildPhase;
			buildActionMask = 2147483647;
			files = (
				199A9D5C1D79984400C11E8A /* ViewController.m in Sources */,
				199A9D591D79984400C11E8A /* AppDelegate.m in Sources */,
				199A9D561D79984400C11E8A /* main.m in Sources */,
			);
			runOnlyForDeploymentPostprocessing = 0;
		};
		199A9D661D79984400C11E8A /* Sources */ = {
			isa = PBXSourcesBuildPhase;
			buildActionMask = 2147483647;
			files = (
				199A9D6F1D79984400C11E8A /* IncheckTests.m in Sources */,
			);
			runOnlyForDeploymentPostprocessing = 0;
		};
		199A9D711D79984400C11E8A /* Sources */ = {
			isa = PBXSourcesBuildPhase;
			buildActionMask = 2147483647;
			files = (
				199A9D7A1D79984400C11E8A /* IncheckUITests.m in Sources */,
			);
			runOnlyForDeploymentPostprocessing = 0;
		};
/* End PBXSourcesBuildPhase section */

/* Begin PBXTargetDependency section */
		199A9D6C1D79984400C11E8A /* PBXTargetDependency */ = {
			isa = PBXTargetDependency;
			target = 199A9D501D79984400C11E8A /* Incheck */;
			targetProxy = 199A9D6B1D79984400C11E8A /* PBXContainerItemProxy */;
		};
		199A9D771D79984400C11E8A /* PBXTargetDependency */ = {
			isa = PBXTargetDependency;
			target = 199A9D501D79984400C11E8A /* Incheck */;
			targetProxy = 199A9D761D79984400C11E8A /* PBXContainerItemProxy */;
		};
/* End PBXTargetDependency section */

/* Begin PBXVariantGroup section */
		199A9D5D1D79984400C11E8A /* Main.storyboard */ = {
			isa = PBXVariantGroup;
			children = (
				199A9D5E1D79984400C11E8A /* Base */,
			);
			name = Main.storyboard;
			sourceTree = "<group>";
		};
		199A9D621D79984400C11E8A /* LaunchScreen.storyboard */ = {
			isa = PBXVariantGroup;
			children = (
				199A9D631D79984400C11E8A /* Base */,
			);
			name = LaunchScreen.storyboard;
			sourceTree = "<group>";
		};
/* End PBXVariantGroup section */

/* Begin XCBuildConfiguration section */
		199A9D7C1D79984400C11E8A /* Debug */ = {
			isa = XCBuildConfiguration;
			buildSettings = {
				ALWAYS_SEARCH_USER_PATHS = NO;
				CLANG_ANALYZER_NONNULL = YES;
				CLANG_CXX_LANGUAGE_STANDARD = "gnu++0x";
				CLANG_CXX_LIBRARY = "libc++";
				CLANG_ENABLE_MODULES = YES;
				CLANG_ENABLE_OBJC_ARC = YES;
				CLANG_WARN_BOOL_CONVERSION = YES;
				CLANG_WARN_CONSTANT_CONVERSION = YES;
				CLANG_WARN_DIRECT_OBJC_ISA_USAGE = YES_ERROR;
				CLANG_WARN_EMPTY_BODY = YES;
				CLANG_WARN_ENUM_CONVERSION = YES;
				CLANG_WARN_INT_CONVERSION = YES;
				CLANG_WARN_OBJC_ROOT_CLASS = YES_ERROR;
				CLANG_WARN_UNREACHABLE_CODE = YES;
				CLANG_WARN__DUPLICATE_METHOD_MATCH = YES;
				"CODE_SIGN_IDENTITY[sdk=iphoneos*]" = "iPhone Developer";
				COPY_PHASE_STRIP = NO;
				DEBUG_INFORMATION_FORMAT = dwarf;
				ENABLE_STRICT_OBJC_MSGSEND = YES;
				ENABLE_TESTABILITY = YES;
				GCC_C_LANGUAGE_STANDARD = gnu99;
				GCC_DYNAMIC_NO_PIC = NO;
				GCC_NO_COMMON_BLOCKS = YES;
				GCC_OPTIMIZATION_LEVEL = 0;
				GCC_PREPROCESSOR_DEFINITIONS = (
					"DEBUG=1",
					"$(inherited)",
				);
				GCC_WARN_64_TO_32_BIT_CONVERSION = YES;
				GCC_WARN_ABOUT_RETURN_TYPE = YES_ERROR;
				GCC_WARN_UNDECLARED_SELECTOR = YES;
				GCC_WARN_UNINITIALIZED_AUTOS = YES_AGGRESSIVE;
				GCC_WARN_UNUSED_FUNCTION = YES;
				GCC_WARN_UNUSED_VARIABLE = YES;
				IPHONEOS_DEPLOYMENT_TARGET = 9.3;
				MTL_ENABLE_DEBUG_INFO = YES;
				ONLY_ACTIVE_ARCH = YES;
				SDKROOT = iphoneos;
			};
			name = Debug;
		};
		199A9D7D1D79984400C11E8A /* Release */ = {
			isa = XCBuildConfiguration;
			buildSettings = {
				ALWAYS_SEARCH_USER_PATHS = NO;
				CLANG_ANALYZER_NONNULL = YES;
				CLANG_CXX_LANGUAGE_STANDARD = "gnu++0x";
				CLANG_CXX_LIBRARY = "libc++";
				CLANG_ENABLE_MODULES = YES;
				CLANG_ENABLE_OBJC_ARC = YES;
				CLANG_WARN_BOOL_CONVERSION = YES;
				CLANG_WARN_CONSTANT_CONVERSION = YES;
				CLANG_WARN_DIRECT_OBJC_ISA_USAGE = YES_ERROR;
				CLANG_WARN_EMPTY_BODY = YES;
				CLANG_WARN_ENUM_CONVERSION = YES;
				CLANG_WARN_INT_CONVERSION = YES;
				CLANG_WARN_OBJC_ROOT_CLASS = YES_ERROR;
				CLANG_WARN_UNREACHABLE_CODE = YES;
				CLANG_WARN__DUPLICATE_METHOD_MATCH = YES;
				"CODE_SIGN_IDENTITY[sdk=iphoneos*]" = "iPhone Developer";
				COPY_PHASE_STRIP = NO;
				DEBUG_INFORMATION_FORMAT = "dwarf-with-dsym";
				ENABLE_NS_ASSERTIONS = NO;
				ENABLE_STRICT_OBJC_MSGSEND = YES;
				GCC_C_LANGUAGE_STANDARD = gnu99;
				GCC_NO_COMMON_BLOCKS = YES;
				GCC_WARN_64_TO_32_BIT_CONVERSION = YES;
				GCC_WARN_ABOUT_RETURN_TYPE = YES_ERROR;
				GCC_WARN_UNDECLARED_SELECTOR = YES;
				GCC_WARN_UNINITIALIZED_AUTOS = YES_AGGRESSIVE;
				GCC_WARN_UNUSED_FUNCTION = YES;
				GCC_WARN_UNUSED_VARIABLE = YES;
				IPHONEOS_DEPLOYMENT_TARGET = 9.3;
				MTL_ENABLE_DEBUG_INFO = NO;
				SDKROOT = iphoneos;
				VALIDATE_PRODUCT = YES;
			};
			name = Release;
		};
		199A9D7F1D79984400C11E8A /* Debug */ = {
			isa = XCBuildConfiguration;
			baseConfigurationReference = BA66828C94CAD2C8907A5966 /* Pods-Incheck.debug.xcconfig */;
			buildSettings = {
				ASSETCATALOG_COMPILER_APPICON_NAME = AppIcon;
				INFOPLIST_FILE = Incheck/Info.plist;
				LD_RUNPATH_SEARCH_PATHS = "$(inherited) @executable_path/Frameworks";
				PRODUCT_BUNDLE_IDENTIFIER = com.kkb.Incheck;
				PRODUCT_NAME = "$(TARGET_NAME)";
			};
			name = Debug;
		};
		199A9D801D79984400C11E8A /* Release */ = {
			isa = XCBuildConfiguration;
			baseConfigurationReference = 2124F86C67E04DA2AF2A87A6 /* Pods-Incheck.release.xcconfig */;
			buildSettings = {
				ASSETCATALOG_COMPILER_APPICON_NAME = AppIcon;
				INFOPLIST_FILE = Incheck/Info.plist;
				LD_RUNPATH_SEARCH_PATHS = "$(inherited) @executable_path/Frameworks";
				PRODUCT_BUNDLE_IDENTIFIER = com.kkb.Incheck;
				PRODUCT_NAME = "$(TARGET_NAME)";
			};
			name = Release;
		};
		199A9D821D79984400C11E8A /* Debug */ = {
			isa = XCBuildConfiguration;
			buildSettings = {
				BUNDLE_LOADER = "$(TEST_HOST)";
				INFOPLIST_FILE = IncheckTests/Info.plist;
				LD_RUNPATH_SEARCH_PATHS = "$(inherited) @executable_path/Frameworks @loader_path/Frameworks";
				PRODUCT_BUNDLE_IDENTIFIER = com.kkb.IncheckTests;
				PRODUCT_NAME = "$(TARGET_NAME)";
				TEST_HOST = "$(BUILT_PRODUCTS_DIR)/Incheck.app/Incheck";
			};
			name = Debug;
		};
		199A9D831D79984400C11E8A /* Release */ = {
			isa = XCBuildConfiguration;
			buildSettings = {
				BUNDLE_LOADER = "$(TEST_HOST)";
				INFOPLIST_FILE = IncheckTests/Info.plist;
				LD_RUNPATH_SEARCH_PATHS = "$(inherited) @executable_path/Frameworks @loader_path/Frameworks";
				PRODUCT_BUNDLE_IDENTIFIER = com.kkb.IncheckTests;
				PRODUCT_NAME = "$(TARGET_NAME)";
				TEST_HOST = "$(BUILT_PRODUCTS_DIR)/Incheck.app/Incheck";
			};
			name = Release;
		};
		199A9D851D79984400C11E8A /* Debug */ = {
			isa = XCBuildConfiguration;
			buildSettings = {
				INFOPLIST_FILE = IncheckUITests/Info.plist;
				LD_RUNPATH_SEARCH_PATHS = "$(inherited) @executable_path/Frameworks @loader_path/Frameworks";
				PRODUCT_BUNDLE_IDENTIFIER = com.kkb.IncheckUITests;
				PRODUCT_NAME = "$(TARGET_NAME)";
				TEST_TARGET_NAME = Incheck;
			};
			name = Debug;
		};
		199A9D861D79984400C11E8A /* Release */ = {
			isa = XCBuildConfiguration;
			buildSettings = {
				INFOPLIST_FILE = IncheckUITests/Info.plist;
				LD_RUNPATH_SEARCH_PATHS = "$(inherited) @executable_path/Frameworks @loader_path/Frameworks";
				PRODUCT_BUNDLE_IDENTIFIER = com.kkb.IncheckUITests;
				PRODUCT_NAME = "$(TARGET_NAME)";
				TEST_TARGET_NAME = Incheck;
			};
			name = Release;
		};
/* End XCBuildConfiguration section */

/* Begin XCConfigurationList section */
		199A9D4C1D79984400C11E8A /* Build configuration list for PBXProject "Incheck" */ = {
			isa = XCConfigurationList;
			buildConfigurations = (
				199A9D7C1D79984400C11E8A /* Debug */,
				199A9D7D1D79984400C11E8A /* Release */,
			);
			defaultConfigurationIsVisible = 0;
			defaultConfigurationName = Release;
		};
		199A9D7E1D79984400C11E8A /* Build configuration list for PBXNativeTarget "Incheck" */ = {
			isa = XCConfigurationList;
			buildConfigurations = (
				199A9D7F1D79984400C11E8A /* Debug */,
				199A9D801D79984400C11E8A /* Release */,
			);
			defaultConfigurationIsVisible = 0;
			defaultConfigurationName = Release;
		};
		199A9D811D79984400C11E8A /* Build configuration list for PBXNativeTarget "IncheckTests" */ = {
			isa = XCConfigurationList;
			buildConfigurations = (
				199A9D821D79984400C11E8A /* Debug */,
				199A9D831D79984400C11E8A /* Release */,
			);
			defaultConfigurationIsVisible = 0;
			defaultConfigurationName = Release;
		};
		199A9D841D79984400C11E8A /* Build configuration list for PBXNativeTarget "IncheckUITests" */ = {
			isa = XCConfigurationList;
			buildConfigurations = (
				199A9D851D79984400C11E8A /* Debug */,
				199A9D861D79984400C11E8A /* Release */,
			);
			defaultConfigurationIsVisible = 0;
			defaultConfigurationName = Release;
		};
/* End XCConfigurationList section */
	};
	rootObject = 199A9D491D79984400C11E8A /* Project object */;
}
